
Microsoft Visual Studio Solution File, Format Version 12.00
# Visual Studio Version 17
VisualStudioVersion = 17.4.33122.133
MinimumVisualStudioVersion = 10.0.40219.1
Project("{FAE04EC0-301F-11D3-BF4B-00C04F79EFBC}") = "TravelApp", "TravelApp\TravelApp.csproj", "{2566B4A8-5385-491C-BE14-D29729124825}"
EndProject
Project("{FAE04EC0-301F-11D3-BF4B-00C04F79EFBC}") = "TwoFactorAuth", "..\ClassLibrary1\TwoFactorAuth\TwoFactorAuth\TwoFactorAuth.csproj", "{EA144962-EF50-420A-974A-DF8E1398B91A}"
EndProject
Global
	GlobalSection(SolutionConfigurationPlatforms) = preSolution
		Debug|Any CPU = Debug|Any CPU
		Release|Any CPU = Release|Any CPU
	EndGlobalSection
	GlobalSection(ProjectConfigurationPlatforms) = postSolution
		{2566B4A8-5385-491C-BE14-D29729124825}.Debug|Any CPU.ActiveCfg = Debug|Any CPU
		{2566B4A8-5385-491C-BE14-D29729124825}.Debug|Any CPU.Build.0 = Debug|Any CPU
		{2566B4A8-5385-491C-BE14-D29729124825}.Release|Any CPU.ActiveCfg = Release|Any CPU
		{2566B4A8-5385-491C-BE14-D29729124825}.Release|Any CPU.Build.0 = Release|Any CPU
		{EA144962-EF50-420A-974A-DF8E1398B91A}.Debug|Any CPU.ActiveCfg = Debug|Any CPU
		{EA144962-EF50-420A-974A-DF8E1398B91A}.Debug|Any CPU.Build.0 = Debug|Any CPU
		{EA144962-EF50-420A-974A-DF8E1398B91A}.Release|Any CPU.ActiveCfg = Release|Any CPU
		{EA144962-EF50-420A-974A-DF8E1398B91A}.Release|Any CPU.Build.0 = Release|Any CPU
	EndGlobalSection
	GlobalSection(SolutionProperties) = preSolution
		HideSolutionNode = FALSE
	EndGlobalSection
	GlobalSection(ExtensibilityGlobals) = postSolution
		SolutionGuid = {250E725A-99F0-4C60-AFBB-CE7423EFAD29}
	EndGlobalSection
EndGlobal
